
Microsoft Visual Studio Solution File, Format Version 12.00
# Visual Studio Version 16
VisualStudioVersion = 16.0.31313.79
MinimumVisualStudioVersion = 10.0.40219.1
Project("{8BC9CEB8-8B4A-11D0-8D11-00A0C91BC942}") = "Homework_OOP_C++_30", "Homework_OOP_C++_30\Homework_OOP_C++_30.vcxproj", "{369046B0-2563-4D0B-AA7A-018C922EB20A}"
EndProject
Project("{8BC9CEB8-8B4A-11D0-8D11-00A0C91BC942}") = "Homework_OOP_C++_31", "Homework_OOP_C++_31\Homework_OOP_C++_31.vcxproj", "{12A76FAB-B60C-4C35-BDB6-2F8C4B97BC30}"
EndProject
Project("{8BC9CEB8-8B4A-11D0-8D11-00A0C91BC942}") = "Homework_OOP_C++_32", "Homework_OOP_C++_32\Homework_OOP_C++_32.vcxproj", "{0936C186-ED8E-4543-B0BF-3A25E348886C}"
EndProject
Project("{8BC9CEB8-8B4A-11D0-8D11-00A0C91BC942}") = "Homework_OOP_C++_33", "Homework_OOP_C++_33\Homework_OOP_C++_33.vcxproj", "{B0CBAF12-5D55-4109-82D2-AFDABB49978B}"
EndProject
Project("{8BC9CEB8-8B4A-11D0-8D11-00A0C91BC942}") = "Homework_OOP_C++_34", "Homework_OOP_C++_34\Homework_OOP_C++_34.vcxproj", "{F634A378-F6A9-4863-BF1E-326C518E78B5}"
EndProject
Project("{8BC9CEB8-8B4A-11D0-8D11-00A0C91BC942}") = "Homework_OOP_C++_35", "Homework_OOP_C++_35\Homework_OOP_C++_35.vcxproj", "{3E7F8C02-86FC-4FBB-AC43-8D2C0977930B}"
EndProject
Project("{8BC9CEB8-8B4A-11D0-8D11-00A0C91BC942}") = "Homework_OOP_C++_36", "Homework_OOP_C++_36\Homework_OOP_C++_36.vcxproj", "{8F933D02-4D41-44F6-81D1-DD43E025F05E}"
EndProject
Project("{8BC9CEB8-8B4A-11D0-8D11-00A0C91BC942}") = "Homework_OOP_C++_37", "Homework_OOP_C++_37\Homework_OOP_C++_37.vcxproj", "{B0BE3DF6-F728-419D-9214-2B0E0DF47720}"
EndProject
Project("{8BC9CEB8-8B4A-11D0-8D11-00A0C91BC942}") = "Homework_OOP_C++_38", "Homework_OOP_C++_38\Homework_OOP_C++_38.vcxproj", "{C9A39CEE-34E6-4C0F-9610-D9F357C68FCA}"
EndProject
Project("{8BC9CEB8-8B4A-11D0-8D11-00A0C91BC942}") = "Homework_OOP_C++_39", "Homework_OOP_C++_39\Homework_OOP_C++_39.vcxproj", "{0BEE39DF-DC79-439A-BA74-40643258B701}"
EndProject
Project("{8BC9CEB8-8B4A-11D0-8D11-00A0C91BC942}") = "Homework_OOP_C++_40", "Homework_OOP_C++_40\Homework_OOP_C++_40.vcxproj", "{149C0821-BFB3-49C4-9C1E-230EDD344462}"
EndProject
Project("{8BC9CEB8-8B4A-11D0-8D11-00A0C91BC942}") = "Homework_OOP_C++_41", "Homework_OOP_C++_41\Homework_OOP_C++_41.vcxproj", "{8FA9A5F1-78F6-4547-92A3-82D8E3A9AC4E}"
EndProject
Project("{8BC9CEB8-8B4A-11D0-8D11-00A0C91BC942}") = "Homework_OOP_C++_42", "Homework_OOP_C++_42\Homework_OOP_C++_42.vcxproj", "{F52F2BE7-A3BD-4AD2-BB6F-D3DD5F857608}"
EndProject
Project("{8BC9CEB8-8B4A-11D0-8D11-00A0C91BC942}") = "Homework_OOP_C++_43", "Homework_OOP_C++_43\Homework_OOP_C++_43.vcxproj", "{0166DBA2-DF0B-4F06-A77C-A8259C2B5357}"
EndProject
Project("{8BC9CEB8-8B4A-11D0-8D11-00A0C91BC942}") = "Homework_OOP_C++_44", "Homework_OOP_C++_44\Homework_OOP_C++_44.vcxproj", "{BC1FDB2D-BD0A-4E95-A65B-521B2F7BA0FA}"
EndProject
Project("{8BC9CEB8-8B4A-11D0-8D11-00A0C91BC942}") = "Homework_OOP_C++_45", "Homework_OOP_C++_45\Homework_OOP_C++_45.vcxproj", "{46D8485E-C256-455A-B350-62970B2D85CC}"
EndProject
Project("{8BC9CEB8-8B4A-11D0-8D11-00A0C91BC942}") = "Homework_OOP_C++_46", "Homework_OOP_C++_46\Homework_OOP_C++_46.vcxproj", "{F15A6D5A-2B73-4F14-9F06-8668ABB17337}"
EndProject
Project("{8BC9CEB8-8B4A-11D0-8D11-00A0C91BC942}") = "Homework_OOP_C++_47", "Homework_OOP_C++_47\Homework_OOP_C++_47.vcxproj", "{E224BD70-54DC-4EB9-B9CC-C1CBEB1722E7}"
EndProject
Project("{8BC9CEB8-8B4A-11D0-8D11-00A0C91BC942}") = "Homework_OOP_C++_50", "Homework_OOP_C++_50\Homework_OOP_C++_50.vcxproj", "{B27CBE95-1741-49A9-B9AE-8CF1E8D5A1E1}"
EndProject
Project("{8BC9CEB8-8B4A-11D0-8D11-00A0C91BC942}") = "Homework_OOP_C++_48", "Homework_OOP_C++_48\Homework_OOP_C++_48.vcxproj", "{362A1AF8-1202-4418-AF8A-0C5CAE42DFC2}"
EndProject
Project("{8BC9CEB8-8B4A-11D0-8D11-00A0C91BC942}") = "Homework_OOP_C++_51", "Homework_OOP_C++_51\Homework_OOP_C++_51.vcxproj", "{7A442E95-A944-412A-9143-B63ADE73A990}"
EndProject
Project("{8BC9CEB8-8B4A-11D0-8D11-00A0C91BC942}") = "Homework_OOP_C++_52", "Homework_OOP_C++_52\Homework_OOP_C++_52.vcxproj", "{625E721C-16FD-4588-839E-D275D35A78DB}"
EndProject
Project("{8BC9CEB8-8B4A-11D0-8D11-00A0C91BC942}") = "Homework_OOP_C++_53", "Homework_OOP_C++_53\Homework_OOP_C++_53.vcxproj", "{9FB05F96-8984-4483-92EA-56172010C97F}"
EndProject
Project("{8BC9CEB8-8B4A-11D0-8D11-00A0C91BC942}") = "Homework_OOP_C++_54", "Homework_OOP_C++_54\Homework_OOP_C++_54.vcxproj", "{82D8993E-B256-486F-9D5D-4661F1A6EDF7}"
EndProject
Project("{8BC9CEB8-8B4A-11D0-8D11-00A0C91BC942}") = "Homework_OOP_C++_55", "Homework_OOP_C++_55\Homework_OOP_C++_55.vcxproj", "{36B377F1-6787-433A-8ED7-4695561C3083}"
EndProject
Project("{8BC9CEB8-8B4A-11D0-8D11-00A0C91BC942}") = "Tetris_exam_OOP_C++", "Tetris_exam_OOP_C++\Tetris_exam_OOP_C++.vcxproj", "{53D08B36-75B9-4B79-ACB3-0C988988B536}"
EndProject
Global
	GlobalSection(SolutionConfigurationPlatforms) = preSolution
		Debug|x64 = Debug|x64
		Debug|x86 = Debug|x86
		Release|x64 = Release|x64
		Release|x86 = Release|x86
	EndGlobalSection
	GlobalSection(ProjectConfigurationPlatforms) = postSolution
		{369046B0-2563-4D0B-AA7A-018C922EB20A}.Debug|x64.ActiveCfg = Debug|x64
		{369046B0-2563-4D0B-AA7A-018C922EB20A}.Debug|x64.Build.0 = Debug|x64
		{369046B0-2563-4D0B-AA7A-018C922EB20A}.Debug|x86.ActiveCfg = Debug|Win32
		{369046B0-2563-4D0B-AA7A-018C922EB20A}.Debug|x86.Build.0 = Debug|Win32
		{369046B0-2563-4D0B-AA7A-018C922EB20A}.Release|x64.ActiveCfg = Release|x64
		{369046B0-2563-4D0B-AA7A-018C922EB20A}.Release|x64.Build.0 = Release|x64
		{369046B0-2563-4D0B-AA7A-018C922EB20A}.Release|x86.ActiveCfg = Release|Win32
		{369046B0-2563-4D0B-AA7A-018C922EB20A}.Release|x86.Build.0 = Release|Win32
		{12A76FAB-B60C-4C35-BDB6-2F8C4B97BC30}.Debug|x64.ActiveCfg = Debug|x64
		{12A76FAB-B60C-4C35-BDB6-2F8C4B97BC30}.Debug|x64.Build.0 = Debug|x64
		{12A76FAB-B60C-4C35-BDB6-2F8C4B97BC30}.Debug|x86.ActiveCfg = Debug|Win32
		{12A76FAB-B60C-4C35-BDB6-2F8C4B97BC30}.Debug|x86.Build.0 = Debug|Win32
		{12A76FAB-B60C-4C35-BDB6-2F8C4B97BC30}.Release|x64.ActiveCfg = Release|x64
		{12A76FAB-B60C-4C35-BDB6-2F8C4B97BC30}.Release|x64.Build.0 = Release|x64
		{12A76FAB-B60C-4C35-BDB6-2F8C4B97BC30}.Release|x86.ActiveCfg = Release|Win32
		{12A76FAB-B60C-4C35-BDB6-2F8C4B97BC30}.Release|x86.Build.0 = Release|Win32
		{0936C186-ED8E-4543-B0BF-3A25E348886C}.Debug|x64.ActiveCfg = Debug|x64
		{0936C186-ED8E-4543-B0BF-3A25E348886C}.Debug|x64.Build.0 = Debug|x64
		{0936C186-ED8E-4543-B0BF-3A25E348886C}.Debug|x86.ActiveCfg = Debug|Win32
		{0936C186-ED8E-4543-B0BF-3A25E348886C}.Debug|x86.Build.0 = Debug|Win32
		{0936C186-ED8E-4543-B0BF-3A25E348886C}.Release|x64.ActiveCfg = Release|x64
		{0936C186-ED8E-4543-B0BF-3A25E348886C}.Release|x64.Build.0 = Release|x64
		{0936C186-ED8E-4543-B0BF-3A25E348886C}.Release|x86.ActiveCfg = Release|Win32
		{0936C186-ED8E-4543-B0BF-3A25E348886C}.Release|x86.Build.0 = Release|Win32
		{B0CBAF12-5D55-4109-82D2-AFDABB49978B}.Debug|x64.ActiveCfg = Debug|x64
		{B0CBAF12-5D55-4109-82D2-AFDABB49978B}.Debug|x64.Build.0 = Debug|x64
		{B0CBAF12-5D55-4109-82D2-AFDABB49978B}.Debug|x86.ActiveCfg = Debug|Win32
		{B0CBAF12-5D55-4109-82D2-AFDABB49978B}.Debug|x86.Build.0 = Debug|Win32
		{B0CBAF12-5D55-4109-82D2-AFDABB49978B}.Release|x64.ActiveCfg = Release|x64
		{B0CBAF12-5D55-4109-82D2-AFDABB49978B}.Release|x64.Build.0 = Release|x64
		{B0CBAF12-5D55-4109-82D2-AFDABB49978B}.Release|x86.ActiveCfg = Release|Win32
		{B0CBAF12-5D55-4109-82D2-AFDABB49978B}.Release|x86.Build.0 = Release|Win32
		{F634A378-F6A9-4863-BF1E-326C518E78B5}.Debug|x64.ActiveCfg = Debug|x64
		{F634A378-F6A9-4863-BF1E-326C518E78B5}.Debug|x64.Build.0 = Debug|x64
		{F634A378-F6A9-4863-BF1E-326C518E78B5}.Debug|x86.ActiveCfg = Debug|Win32
		{F634A378-F6A9-4863-BF1E-326C518E78B5}.Debug|x86.Build.0 = Debug|Win32
		{F634A378-F6A9-4863-BF1E-326C518E78B5}.Release|x64.ActiveCfg = Release|x64
		{F634A378-F6A9-4863-BF1E-326C518E78B5}.Release|x64.Build.0 = Release|x64
		{F634A378-F6A9-4863-BF1E-326C518E78B5}.Release|x86.ActiveCfg = Release|Win32
		{F634A378-F6A9-4863-BF1E-326C518E78B5}.Release|x86.Build.0 = Release|Win32
		{3E7F8C02-86FC-4FBB-AC43-8D2C0977930B}.Debug|x64.ActiveCfg = Debug|x64
		{3E7F8C02-86FC-4FBB-AC43-8D2C0977930B}.Debug|x64.Build.0 = Debug|x64
		{3E7F8C02-86FC-4FBB-AC43-8D2C0977930B}.Debug|x86.ActiveCfg = Debug|Win32
		{3E7F8C02-86FC-4FBB-AC43-8D2C0977930B}.Debug|x86.Build.0 = Debug|Win32
		{3E7F8C02-86FC-4FBB-AC43-8D2C0977930B}.Release|x64.ActiveCfg = Release|x64
		{3E7F8C02-86FC-4FBB-AC43-8D2C0977930B}.Release|x64.Build.0 = Release|x64
		{3E7F8C02-86FC-4FBB-AC43-8D2C0977930B}.Release|x86.ActiveCfg = Release|Win32
		{3E7F8C02-86FC-4FBB-AC43-8D2C0977930B}.Release|x86.Build.0 = Release|Win32
		{8F933D02-4D41-44F6-81D1-DD43E025F05E}.Debug|x64.ActiveCfg = Debug|x64
		{8F933D02-4D41-44F6-81D1-DD43E025F05E}.Debug|x64.Build.0 = Debug|x64
		{8F933D02-4D41-44F6-81D1-DD43E025F05E}.Debug|x86.ActiveCfg = Debug|Win32
		{8F933D02-4D41-44F6-81D1-DD43E025F05E}.Debug|x86.Build.0 = Debug|Win32
		{8F933D02-4D41-44F6-81D1-DD43E025F05E}.Release|x64.ActiveCfg = Release|x64
		{8F933D02-4D41-44F6-81D1-DD43E025F05E}.Release|x64.Build.0 = Release|x64
		{8F933D02-4D41-44F6-81D1-DD43E025F05E}.Release|x86.ActiveCfg = Release|Win32
		{8F933D02-4D41-44F6-81D1-DD43E025F05E}.Release|x86.Build.0 = Release|Win32
		{B0BE3DF6-F728-419D-9214-2B0E0DF47720}.Debug|x64.ActiveCfg = Debug|x64
		{B0BE3DF6-F728-419D-9214-2B0E0DF47720}.Debug|x64.Build.0 = Debug|x64
		{B0BE3DF6-F728-419D-9214-2B0E0DF47720}.Debug|x86.ActiveCfg = Debug|Win32
		{B0BE3DF6-F728-419D-9214-2B0E0DF47720}.Debug|x86.Build.0 = Debug|Win32
		{B0BE3DF6-F728-419D-9214-2B0E0DF47720}.Release|x64.ActiveCfg = Release|x64
		{B0BE3DF6-F728-419D-9214-2B0E0DF47720}.Release|x64.Build.0 = Release|x64
		{B0BE3DF6-F728-419D-9214-2B0E0DF47720}.Release|x86.ActiveCfg = Release|Win32
		{B0BE3DF6-F728-419D-9214-2B0E0DF47720}.Release|x86.Build.0 = Release|Win32
		{C9A39CEE-34E6-4C0F-9610-D9F357C68FCA}.Debug|x64.ActiveCfg = Debug|x64
		{C9A39CEE-34E6-4C0F-9610-D9F357C68FCA}.Debug|x64.Build.0 = Debug|x64
		{C9A39CEE-34E6-4C0F-9610-D9F357C68FCA}.Debug|x86.ActiveCfg = Debug|Win32
		{C9A39CEE-34E6-4C0F-9610-D9F357C68FCA}.Debug|x86.Build.0 = Debug|Win32
		{C9A39CEE-34E6-4C0F-9610-D9F357C68FCA}.Release|x64.ActiveCfg = Release|x64
		{C9A39CEE-34E6-4C0F-9610-D9F357C68FCA}.Release|x64.Build.0 = Release|x64
		{C9A39CEE-34E6-4C0F-9610-D9F357C68FCA}.Release|x86.ActiveCfg = Release|Win32
		{C9A39CEE-34E6-4C0F-9610-D9F357C68FCA}.Release|x86.Build.0 = Release|Win32
		{0BEE39DF-DC79-439A-BA74-40643258B701}.Debug|x64.ActiveCfg = Debug|x64
		{0BEE39DF-DC79-439A-BA74-40643258B701}.Debug|x64.Build.0 = Debug|x64
		{0BEE39DF-DC79-439A-BA74-40643258B701}.Debug|x86.ActiveCfg = Debug|Win32
		{0BEE39DF-DC79-439A-BA74-40643258B701}.Debug|x86.Build.0 = Debug|Win32
		{0BEE39DF-DC79-439A-BA74-40643258B701}.Release|x64.ActiveCfg = Release|x64
		{0BEE39DF-DC79-439A-BA74-40643258B701}.Release|x64.Build.0 = Release|x64
		{0BEE39DF-DC79-439A-BA74-40643258B701}.Release|x86.ActiveCfg = Release|Win32
		{0BEE39DF-DC79-439A-BA74-40643258B701}.Release|x86.Build.0 = Release|Win32
		{149C0821-BFB3-49C4-9C1E-230EDD344462}.Debug|x64.ActiveCfg = Debug|x64
		{149C0821-BFB3-49C4-9C1E-230EDD344462}.Debug|x64.Build.0 = Debug|x64
		{149C0821-BFB3-49C4-9C1E-230EDD344462}.Debug|x86.ActiveCfg = Debug|Win32
		{149C0821-BFB3-49C4-9C1E-230EDD344462}.Debug|x86.Build.0 = Debug|Win32
		{149C0821-BFB3-49C4-9C1E-230EDD344462}.Release|x64.ActiveCfg = Release|x64
		{149C0821-BFB3-49C4-9C1E-230EDD344462}.Release|x64.Build.0 = Release|x64
		{149C0821-BFB3-49C4-9C1E-230EDD344462}.Release|x86.ActiveCfg = Release|Win32
		{149C0821-BFB3-49C4-9C1E-230EDD344462}.Release|x86.Build.0 = Release|Win32
		{8FA9A5F1-78F6-4547-92A3-82D8E3A9AC4E}.Debug|x64.ActiveCfg = Debug|x64
		{8FA9A5F1-78F6-4547-92A3-82D8E3A9AC4E}.Debug|x64.Build.0 = Debug|x64
		{8FA9A5F1-78F6-4547-92A3-82D8E3A9AC4E}.Debug|x86.ActiveCfg = Debug|Win32
		{8FA9A5F1-78F6-4547-92A3-82D8E3A9AC4E}.Debug|x86.Build.0 = Debug|Win32
		{8FA9A5F1-78F6-4547-92A3-82D8E3A9AC4E}.Release|x64.ActiveCfg = Release|x64
		{8FA9A5F1-78F6-4547-92A3-82D8E3A9AC4E}.Release|x64.Build.0 = Release|x64
		{8FA9A5F1-78F6-4547-92A3-82D8E3A9AC4E}.Release|x86.ActiveCfg = Release|Win32
		{8FA9A5F1-78F6-4547-92A3-82D8E3A9AC4E}.Release|x86.Build.0 = Release|Win32
		{F52F2BE7-A3BD-4AD2-BB6F-D3DD5F857608}.Debug|x64.ActiveCfg = Debug|x64
		{F52F2BE7-A3BD-4AD2-BB6F-D3DD5F857608}.Debug|x64.Build.0 = Debug|x64
		{F52F2BE7-A3BD-4AD2-BB6F-D3DD5F857608}.Debug|x86.ActiveCfg = Debug|Win32
		{F52F2BE7-A3BD-4AD2-BB6F-D3DD5F857608}.Debug|x86.Build.0 = Debug|Win32
		{F52F2BE7-A3BD-4AD2-BB6F-D3DD5F857608}.Release|x64.ActiveCfg = Release|x64
		{F52F2BE7-A3BD-4AD2-BB6F-D3DD5F857608}.Release|x64.Build.0 = Release|x64
		{F52F2BE7-A3BD-4AD2-BB6F-D3DD5F857608}.Release|x86.ActiveCfg = Release|Win32
		{F52F2BE7-A3BD-4AD2-BB6F-D3DD5F857608}.Release|x86.Build.0 = Release|Win32
		{0166DBA2-DF0B-4F06-A77C-A8259C2B5357}.Debug|x64.ActiveCfg = Debug|x64
		{0166DBA2-DF0B-4F06-A77C-A8259C2B5357}.Debug|x64.Build.0 = Debug|x64
		{0166DBA2-DF0B-4F06-A77C-A8259C2B5357}.Debug|x86.ActiveCfg = Debug|Win32
		{0166DBA2-DF0B-4F06-A77C-A8259C2B5357}.Debug|x86.Build.0 = Debug|Win32
		{0166DBA2-DF0B-4F06-A77C-A8259C2B5357}.Release|x64.ActiveCfg = Release|x64
		{0166DBA2-DF0B-4F06-A77C-A8259C2B5357}.Release|x64.Build.0 = Release|x64
		{0166DBA2-DF0B-4F06-A77C-A8259C2B5357}.Release|x86.ActiveCfg = Release|Win32
		{0166DBA2-DF0B-4F06-A77C-A8259C2B5357}.Release|x86.Build.0 = Release|Win32
		{BC1FDB2D-BD0A-4E95-A65B-521B2F7BA0FA}.Debug|x64.ActiveCfg = Debug|x64
		{BC1FDB2D-BD0A-4E95-A65B-521B2F7BA0FA}.Debug|x64.Build.0 = Debug|x64
		{BC1FDB2D-BD0A-4E95-A65B-521B2F7BA0FA}.Debug|x86.ActiveCfg = Debug|Win32
		{BC1FDB2D-BD0A-4E95-A65B-521B2F7BA0FA}.Debug|x86.Build.0 = Debug|Win32
		{BC1FDB2D-BD0A-4E95-A65B-521B2F7BA0FA}.Release|x64.ActiveCfg = Release|x64
		{BC1FDB2D-BD0A-4E95-A65B-521B2F7BA0FA}.Release|x64.Build.0 = Release|x64
		{BC1FDB2D-BD0A-4E95-A65B-521B2F7BA0FA}.Release|x86.ActiveCfg = Release|Win32
		{BC1FDB2D-BD0A-4E95-A65B-521B2F7BA0FA}.Release|x86.Build.0 = Release|Win32
		{46D8485E-C256-455A-B350-62970B2D85CC}.Debug|x64.ActiveCfg = Debug|x64
		{46D8485E-C256-455A-B350-62970B2D85CC}.Debug|x64.Build.0 = Debug|x64
		{46D8485E-C256-455A-B350-62970B2D85CC}.Debug|x86.ActiveCfg = Debug|Win32
		{46D8485E-C256-455A-B350-62970B2D85CC}.Debug|x86.Build.0 = Debug|Win32
		{46D8485E-C256-455A-B350-62970B2D85CC}.Release|x64.ActiveCfg = Release|x64
		{46D8485E-C256-455A-B350-62970B2D85CC}.Release|x64.Build.0 = Release|x64
		{46D8485E-C256-455A-B350-62970B2D85CC}.Release|x86.ActiveCfg = Release|Win32
		{46D8485E-C256-455A-B350-62970B2D85CC}.Release|x86.Build.0 = Release|Win32
		{F15A6D5A-2B73-4F14-9F06-8668ABB17337}.Debug|x64.ActiveCfg = Debug|x64
		{F15A6D5A-2B73-4F14-9F06-8668ABB17337}.Debug|x64.Build.0 = Debug|x64
		{F15A6D5A-2B73-4F14-9F06-8668ABB17337}.Debug|x86.ActiveCfg = Debug|Win32
		{F15A6D5A-2B73-4F14-9F06-8668ABB17337}.Debug|x86.Build.0 = Debug|Win32
		{F15A6D5A-2B73-4F14-9F06-8668ABB17337}.Release|x64.ActiveCfg = Release|x64
		{F15A6D5A-2B73-4F14-9F06-8668ABB17337}.Release|x64.Build.0 = Release|x64
		{F15A6D5A-2B73-4F14-9F06-8668ABB17337}.Release|x86.ActiveCfg = Release|Win32
		{F15A6D5A-2B73-4F14-9F06-8668ABB17337}.Release|x86.Build.0 = Release|Win32
		{E224BD70-54DC-4EB9-B9CC-C1CBEB1722E7}.Debug|x64.ActiveCfg = Debug|x64
		{E224BD70-54DC-4EB9-B9CC-C1CBEB1722E7}.Debug|x64.Build.0 = Debug|x64
		{E224BD70-54DC-4EB9-B9CC-C1CBEB1722E7}.Debug|x86.ActiveCfg = Debug|Win32
		{E224BD70-54DC-4EB9-B9CC-C1CBEB1722E7}.Debug|x86.Build.0 = Debug|Win32
		{E224BD70-54DC-4EB9-B9CC-C1CBEB1722E7}.Release|x64.ActiveCfg = Release|x64
		{E224BD70-54DC-4EB9-B9CC-C1CBEB1722E7}.Release|x64.Build.0 = Release|x64
		{E224BD70-54DC-4EB9-B9CC-C1CBEB1722E7}.Release|x86.ActiveCfg = Release|Win32
		{E224BD70-54DC-4EB9-B9CC-C1CBEB1722E7}.Release|x86.Build.0 = Release|Win32
		{B27CBE95-1741-49A9-B9AE-8CF1E8D5A1E1}.Debug|x64.ActiveCfg = Debug|x64
		{B27CBE95-1741-49A9-B9AE-8CF1E8D5A1E1}.Debug|x64.Build.0 = Debug|x64
		{B27CBE95-1741-49A9-B9AE-8CF1E8D5A1E1}.Debug|x86.ActiveCfg = Debug|Win32
		{B27CBE95-1741-49A9-B9AE-8CF1E8D5A1E1}.Debug|x86.Build.0 = Debug|Win32
		{B27CBE95-1741-49A9-B9AE-8CF1E8D5A1E1}.Release|x64.ActiveCfg = Release|x64
		{B27CBE95-1741-49A9-B9AE-8CF1E8D5A1E1}.Release|x64.Build.0 = Release|x64
		{B27CBE95-1741-49A9-B9AE-8CF1E8D5A1E1}.Release|x86.ActiveCfg = Release|Win32
		{B27CBE95-1741-49A9-B9AE-8CF1E8D5A1E1}.Release|x86.Build.0 = Release|Win32
		{362A1AF8-1202-4418-AF8A-0C5CAE42DFC2}.Debug|x64.ActiveCfg = Debug|x64
		{362A1AF8-1202-4418-AF8A-0C5CAE42DFC2}.Debug|x64.Build.0 = Debug|x64
		{362A1AF8-1202-4418-AF8A-0C5CAE42DFC2}.Debug|x86.ActiveCfg = Debug|Win32
		{362A1AF8-1202-4418-AF8A-0C5CAE42DFC2}.Debug|x86.Build.0 = Debug|Win32
		{362A1AF8-1202-4418-AF8A-0C5CAE42DFC2}.Release|x64.ActiveCfg = Release|x64
		{362A1AF8-1202-4418-AF8A-0C5CAE42DFC2}.Release|x64.Build.0 = Release|x64
		{362A1AF8-1202-4418-AF8A-0C5CAE42DFC2}.Release|x86.ActiveCfg = Release|Win32
		{362A1AF8-1202-4418-AF8A-0C5CAE42DFC2}.Release|x86.Build.0 = Release|Win32
		{7A442E95-A944-412A-9143-B63ADE73A990}.Debug|x64.ActiveCfg = Debug|x64
		{7A442E95-A944-412A-9143-B63ADE73A990}.Debug|x64.Build.0 = Debug|x64
		{7A442E95-A944-412A-9143-B63ADE73A990}.Debug|x86.ActiveCfg = Debug|Win32
		{7A442E95-A944-412A-9143-B63ADE73A990}.Debug|x86.Build.0 = Debug|Win32
		{7A442E95-A944-412A-9143-B63ADE73A990}.Release|x64.ActiveCfg = Release|x64
		{7A442E95-A944-412A-9143-B63ADE73A990}.Release|x64.Build.0 = Release|x64
		{7A442E95-A944-412A-9143-B63ADE73A990}.Release|x86.ActiveCfg = Release|Win32
		{7A442E95-A944-412A-9143-B63ADE73A990}.Release|x86.Build.0 = Release|Win32
		{625E721C-16FD-4588-839E-D275D35A78DB}.Debug|x64.ActiveCfg = Debug|x64
		{625E721C-16FD-4588-839E-D275D35A78DB}.Debug|x64.Build.0 = Debug|x64
		{625E721C-16FD-4588-839E-D275D35A78DB}.Debug|x86.ActiveCfg = Debug|Win32
		{625E721C-16FD-4588-839E-D275D35A78DB}.Debug|x86.Build.0 = Debug|Win32
		{625E721C-16FD-4588-839E-D275D35A78DB}.Release|x64.ActiveCfg = Release|x64
		{625E721C-16FD-4588-839E-D275D35A78DB}.Release|x64.Build.0 = Release|x64
		{625E721C-16FD-4588-839E-D275D35A78DB}.Release|x86.ActiveCfg = Release|Win32
		{625E721C-16FD-4588-839E-D275D35A78DB}.Release|x86.Build.0 = Release|Win32
		{9FB05F96-8984-4483-92EA-56172010C97F}.Debug|x64.ActiveCfg = Debug|x64
		{9FB05F96-8984-4483-92EA-56172010C97F}.Debug|x64.Build.0 = Debug|x64
		{9FB05F96-8984-4483-92EA-56172010C97F}.Debug|x86.ActiveCfg = Debug|Win32
		{9FB05F96-8984-4483-92EA-56172010C97F}.Debug|x86.Build.0 = Debug|Win32
		{9FB05F96-8984-4483-92EA-56172010C97F}.Release|x64.ActiveCfg = Release|x64
		{9FB05F96-8984-4483-92EA-56172010C97F}.Release|x64.Build.0 = Release|x64
		{9FB05F96-8984-4483-92EA-56172010C97F}.Release|x86.ActiveCfg = Release|Win32
		{9FB05F96-8984-4483-92EA-56172010C97F}.Release|x86.Build.0 = Release|Win32
		{82D8993E-B256-486F-9D5D-4661F1A6EDF7}.Debug|x64.ActiveCfg = Debug|x64
		{82D8993E-B256-486F-9D5D-4661F1A6EDF7}.Debug|x64.Build.0 = Debug|x64
		{82D8993E-B256-486F-9D5D-4661F1A6EDF7}.Debug|x86.ActiveCfg = Debug|Win32
		{82D8993E-B256-486F-9D5D-4661F1A6EDF7}.Debug|x86.Build.0 = Debug|Win32
		{82D8993E-B256-486F-9D5D-4661F1A6EDF7}.Release|x64.ActiveCfg = Release|x64
		{82D8993E-B256-486F-9D5D-4661F1A6EDF7}.Release|x64.Build.0 = Release|x64
		{82D8993E-B256-486F-9D5D-4661F1A6EDF7}.Release|x86.ActiveCfg = Release|Win32
		{82D8993E-B256-486F-9D5D-4661F1A6EDF7}.Release|x86.Build.0 = Release|Win32
		{36B377F1-6787-433A-8ED7-4695561C3083}.Debug|x64.ActiveCfg = Debug|x64
		{36B377F1-6787-433A-8ED7-4695561C3083}.Debug|x64.Build.0 = Debug|x64
		{36B377F1-6787-433A-8ED7-4695561C3083}.Debug|x86.ActiveCfg = Debug|Win32
		{36B377F1-6787-433A-8ED7-4695561C3083}.Debug|x86.Build.0 = Debug|Win32
		{36B377F1-6787-433A-8ED7-4695561C3083}.Release|x64.ActiveCfg = Release|x64
		{36B377F1-6787-433A-8ED7-4695561C3083}.Release|x64.Build.0 = Release|x64
		{36B377F1-6787-433A-8ED7-4695561C3083}.Release|x86.ActiveCfg = Release|Win32
		{36B377F1-6787-433A-8ED7-4695561C3083}.Release|x86.Build.0 = Release|Win32
		{53D08B36-75B9-4B79-ACB3-0C988988B536}.Debug|x64.ActiveCfg = Debug|x64
		{53D08B36-75B9-4B79-ACB3-0C988988B536}.Debug|x64.Build.0 = Debug|x64
		{53D08B36-75B9-4B79-ACB3-0C988988B536}.Debug|x86.ActiveCfg = Debug|Win32
		{53D08B36-75B9-4B79-ACB3-0C988988B536}.Debug|x86.Build.0 = Debug|Win32
		{53D08B36-75B9-4B79-ACB3-0C988988B536}.Release|x64.ActiveCfg = Release|x64
		{53D08B36-75B9-4B79-ACB3-0C988988B536}.Release|x64.Build.0 = Release|x64
		{53D08B36-75B9-4B79-ACB3-0C988988B536}.Release|x86.ActiveCfg = Release|Win32
		{53D08B36-75B9-4B79-ACB3-0C988988B536}.Release|x86.Build.0 = Release|Win32
	EndGlobalSection
	GlobalSection(SolutionProperties) = preSolution
		HideSolutionNode = FALSE
	EndGlobalSection
	GlobalSection(ExtensibilityGlobals) = postSolution
		SolutionGuid = {B5389178-7CC5-474B-B345-68764048CC74}
	EndGlobalSection
EndGlobal
